
Microsoft Visual Studio Solution File, Format Version 12.00
# Visual Studio Version 17
VisualStudioVersion = 17.4.33403.182
MinimumVisualStudioVersion = 10.0.40219.1
Project("{FAE04EC0-301F-11D3-BF4B-00C04F79EFBC}") = "RazonAct3Web", "RazonAct3Web\RazonAct3Web.csproj", "{F87B8DFF-20ED-4763-86F4-8A0F745213BB}"
EndProject
Global
	GlobalSection(SolutionConfigurationPlatforms) = preSolution
		Debug|Any CPU = Debug|Any CPU
		Release|Any CPU = Release|Any CPU
	EndGlobalSection
	GlobalSection(ProjectConfigurationPlatforms) = postSolution
		{F87B8DFF-20ED-4763-86F4-8A0F745213BB}.Debug|Any CPU.ActiveCfg = Debug|Any CPU
		{F87B8DFF-20ED-4763-86F4-8A0F745213BB}.Debug|Any CPU.Build.0 = Debug|Any CPU
		{F87B8DFF-20ED-4763-86F4-8A0F745213BB}.Release|Any CPU.ActiveCfg = Release|Any CPU
		{F87B8DFF-20ED-4763-86F4-8A0F745213BB}.Release|Any CPU.Build.0 = Release|Any CPU
	EndGlobalSection
	GlobalSection(SolutionProperties) = preSolution
		HideSolutionNode = FALSE
	EndGlobalSection
	GlobalSection(ExtensibilityGlobals) = postSolution
		SolutionGuid = {92533F40-BD91-4BA6-BFCD-6E2B5E0E1309}
	EndGlobalSection
EndGlobal
